
Microsoft Visual Studio Solution File, Format Version 12.00
# Visual Studio Version 16
VisualStudioVersion = 16.0.30002.166
MinimumVisualStudioVersion = 10.0.40219.1
Project("{9A19103F-16F7-4668-BE54-9A1E7A4F7556}") = "Parcial1-Ap2-Fermin", "Parcial1-Ap2-Fermin\Parcial1-Ap2-Fermin.csproj", "{FE83E6B2-1A2E-4BFC-9434-F4683FA83358}"
EndProject
Project("{FAE04EC0-301F-11D3-BF4B-00C04F79EFBC}") = "Parcial1-Ap2-FerminTests1", "Parcial1-Ap2-FerminTests1\Parcial1-Ap2-FerminTests1.csproj", "{201C6AF5-BA5B-4142-82FD-CC7D6E86C594}"
EndProject
Global
	GlobalSection(SolutionConfigurationPlatforms) = preSolution
		Debug|Any CPU = Debug|Any CPU
		Release|Any CPU = Release|Any CPU
	EndGlobalSection
	GlobalSection(ProjectConfigurationPlatforms) = postSolution
		{FE83E6B2-1A2E-4BFC-9434-F4683FA83358}.Debug|Any CPU.ActiveCfg = Debug|Any CPU
		{FE83E6B2-1A2E-4BFC-9434-F4683FA83358}.Debug|Any CPU.Build.0 = Debug|Any CPU
		{FE83E6B2-1A2E-4BFC-9434-F4683FA83358}.Release|Any CPU.ActiveCfg = Release|Any CPU
		{FE83E6B2-1A2E-4BFC-9434-F4683FA83358}.Release|Any CPU.Build.0 = Release|Any CPU
		{201C6AF5-BA5B-4142-82FD-CC7D6E86C594}.Debug|Any CPU.ActiveCfg = Debug|Any CPU
		{201C6AF5-BA5B-4142-82FD-CC7D6E86C594}.Debug|Any CPU.Build.0 = Debug|Any CPU
		{201C6AF5-BA5B-4142-82FD-CC7D6E86C594}.Release|Any CPU.ActiveCfg = Release|Any CPU
		{201C6AF5-BA5B-4142-82FD-CC7D6E86C594}.Release|Any CPU.Build.0 = Release|Any CPU
	EndGlobalSection
	GlobalSection(SolutionProperties) = preSolution
		HideSolutionNode = FALSE
	EndGlobalSection
	GlobalSection(ExtensibilityGlobals) = postSolution
		SolutionGuid = {27532589-EAF6-4D7E-A7DB-30CD8D696B08}
	EndGlobalSection
EndGlobal
